
Microsoft Visual Studio Solution File, Format Version 12.00
# Visual Studio Version 17
VisualStudioVersion = 17.10.35122.118
MinimumVisualStudioVersion = 10.0.40219.1
Project("{FAE04EC0-301F-11D3-BF4B-00C04F79EFBC}") = "Monica", "Monica\Monica.csproj", "{1681C949-BDE9-4068-ADBD-CDC6A2FB7A99}"
EndProject
Global
	GlobalSection(SolutionConfigurationPlatforms) = preSolution
		Debug|Any CPU = Debug|Any CPU
		Release|Any CPU = Release|Any CPU
	EndGlobalSection
	GlobalSection(ProjectConfigurationPlatforms) = postSolution
		{1681C949-BDE9-4068-ADBD-CDC6A2FB7A99}.Debug|Any CPU.ActiveCfg = Debug|Any CPU
		{1681C949-BDE9-4068-ADBD-CDC6A2FB7A99}.Debug|Any CPU.Build.0 = Debug|Any CPU
		{1681C949-BDE9-4068-ADBD-CDC6A2FB7A99}.Release|Any CPU.ActiveCfg = Release|Any CPU
		{1681C949-BDE9-4068-ADBD-CDC6A2FB7A99}.Release|Any CPU.Build.0 = Release|Any CPU
	EndGlobalSection
	GlobalSection(SolutionProperties) = preSolution
		HideSolutionNode = FALSE
	EndGlobalSection
	GlobalSection(ExtensibilityGlobals) = postSolution
		SolutionGuid = {B2E09193-B7F1-4638-AB30-99A802E2CCDA}
	EndGlobalSection
EndGlobal
